// !$*UTF8*$!
{
	archiveVersion = 1;
	classes = {
	};
	objectVersion = 46;
	objects = {

/* Begin PBXBuildFile section */
		789C24614C417A8F01A739EA /* Pods_MovieDiary.framework in Frameworks */ = {isa = PBXBuildFile; fileRef = E2DCFBF2F6DBFF31159D5928 /* Pods_MovieDiary.framework */; };
		86DBC0F01DFAE03500A966C3 /* AppDelegate.swift in Sources */ = {isa = PBXBuildFile; fileRef = 86DBC0EF1DFAE03500A966C3 /* AppDelegate.swift */; };
		86DBC0F51DFAE03500A966C3 /* Main.storyboard in Resources */ = {isa = PBXBuildFile; fileRef = 86DBC0F31DFAE03500A966C3 /* Main.storyboard */; };
		86DBC0F71DFAE03500A966C3 /* Assets.xcassets in Resources */ = {isa = PBXBuildFile; fileRef = 86DBC0F61DFAE03500A966C3 /* Assets.xcassets */; };
		86DBC0FA1DFAE03500A966C3 /* LaunchScreen.storyboard in Resources */ = {isa = PBXBuildFile; fileRef = 86DBC0F81DFAE03500A966C3 /* LaunchScreen.storyboard */; };
		86DBC1031DFAEF4100A966C3 /* GoogleService-Info.plist in Resources */ = {isa = PBXBuildFile; fileRef = 86DBC1021DFAEF4100A966C3 /* GoogleService-Info.plist */; };
		86DBC10A1DFAF49B00A966C3 /* SWRevealViewController.m in Sources */ = {isa = PBXBuildFile; fileRef = 86DBC1081DFAF49B00A966C3 /* SWRevealViewController.m */; };
		86DBC1271DFAF90300A966C3 /* AddNewMovieController.swift in Sources */ = {isa = PBXBuildFile; fileRef = 86DBC10C1DFAF90300A966C3 /* AddNewMovieController.swift */; };
		86DBC1291DFAF90300A966C3 /* AddTicketController.swift in Sources */ = {isa = PBXBuildFile; fileRef = 86DBC10E1DFAF90300A966C3 /* AddTicketController.swift */; };
		86DBC12B1DFAF90300A966C3 /* DataCounts.swift in Sources */ = {isa = PBXBuildFile; fileRef = 86DBC1101DFAF90300A966C3 /* DataCounts.swift */; };
		86DBC12C1DFAF90300A966C3 /* DataRequset.swift in Sources */ = {isa = PBXBuildFile; fileRef = 86DBC1111DFAF90300A966C3 /* DataRequset.swift */; };
		86DBC12D1DFAF90300A966C3 /* EditMoviesController.swift in Sources */ = {isa = PBXBuildFile; fileRef = 86DBC1121DFAF90300A966C3 /* EditMoviesController.swift */; };
		86DBC12E1DFAF90300A966C3 /* Extension.swift in Sources */ = {isa = PBXBuildFile; fileRef = 86DBC1131DFAF90300A966C3 /* Extension.swift */; };
		86DBC12F1DFAF90300A966C3 /* FeedBackController.swift in Sources */ = {isa = PBXBuildFile; fileRef = 86DBC1141DFAF90300A966C3 /* FeedBackController.swift */; };
		86DBC1301DFAF90300A966C3 /* FirebaseWorks.swift in Sources */ = {isa = PBXBuildFile; fileRef = 86DBC1151DFAF90300A966C3 /* FirebaseWorks.swift */; };
		86DBC1311DFAF90300A966C3 /* GoToAddMovieController.swift in Sources */ = {isa = PBXBuildFile; fileRef = 86DBC1161DFAF90300A966C3 /* GoToAddMovieController.swift */; };
		86DBC1321DFAF90300A966C3 /* InitialViewController.swift in Sources */ = {isa = PBXBuildFile; fileRef = 86DBC1171DFAF90300A966C3 /* InitialViewController.swift */; };
		86DBC1331DFAF90300A966C3 /* LoadImageWithCache.swift in Sources */ = {isa = PBXBuildFile; fileRef = 86DBC1181DFAF90300A966C3 /* LoadImageWithCache.swift */; };
		86DBC1341DFAF90300A966C3 /* LogInController.swift in Sources */ = {isa = PBXBuildFile; fileRef = 86DBC1191DFAF90300A966C3 /* LogInController.swift */; };
		86DBC1351DFAF90300A966C3 /* Movie.swift in Sources */ = {isa = PBXBuildFile; fileRef = 86DBC11A1DFAF90300A966C3 /* Movie.swift */; };
		86DBC1361DFAF90300A966C3 /* PassDataProtocol.swift in Sources */ = {isa = PBXBuildFile; fileRef = 86DBC11B1DFAF90300A966C3 /* PassDataProtocol.swift */; };
		86DBC1371DFAF90300A966C3 /* RegisterController.swift in Sources */ = {isa = PBXBuildFile; fileRef = 86DBC11C1DFAF90300A966C3 /* RegisterController.swift */; };
		86DBC1381DFAF90300A966C3 /* SearchedMovieTableViewCell.swift in Sources */ = {isa = PBXBuildFile; fileRef = 86DBC11D1DFAF90300A966C3 /* SearchedMovieTableViewCell.swift */; };
		86DBC1391DFAF90300A966C3 /* TicketCollectionViewCell.swift in Sources */ = {isa = PBXBuildFile; fileRef = 86DBC11E1DFAF90300A966C3 /* TicketCollectionViewCell.swift */; };
		86DBC13A1DFAF90300A966C3 /* TicketsController.swift in Sources */ = {isa = PBXBuildFile; fileRef = 86DBC11F1DFAF90300A966C3 /* TicketsController.swift */; };
		86DBC13B1DFAF90300A966C3 /* UserDataController.swift in Sources */ = {isa = PBXBuildFile; fileRef = 86DBC1201DFAF90300A966C3 /* UserDataController.swift */; };
		86DBC13C1DFAF90300A966C3 /* WantWatchedMoviesController.swift in Sources */ = {isa = PBXBuildFile; fileRef = 86DBC1211DFAF90300A966C3 /* WantWatchedMoviesController.swift */; };
		86DBC13D1DFAF90300A966C3 /* WantWatchedMovieTableViewCell.swift in Sources */ = {isa = PBXBuildFile; fileRef = 86DBC1221DFAF90300A966C3 /* WantWatchedMovieTableViewCell.swift */; };
		86DBC13E1DFAF90300A966C3 /* WatchedMovieController.swift in Sources */ = {isa = PBXBuildFile; fileRef = 86DBC1231DFAF90300A966C3 /* WatchedMovieController.swift */; };
		86DBC13F1DFAF90300A966C3 /* WatchedMovieTableViewCell.swift in Sources */ = {isa = PBXBuildFile; fileRef = 86DBC1241DFAF90300A966C3 /* WatchedMovieTableViewCell.swift */; };
		86DBC1401DFAF90300A966C3 /* ZoomInZoomOutView.swift in Sources */ = {isa = PBXBuildFile; fileRef = 86DBC1251DFAF90300A966C3 /* ZoomInZoomOutView.swift */; };
		86DBC1441DFB16F200A966C3 /* RegisterLogIn.storyboard in Resources */ = {isa = PBXBuildFile; fileRef = 86DBC1421DFB16F200A966C3 /* RegisterLogIn.storyboard */; };
		86DBC1461DFC3B0900A966C3 /* AddNewMovie.storyboard in Resources */ = {isa = PBXBuildFile; fileRef = 86DBC1451DFC3B0900A966C3 /* AddNewMovie.storyboard */; };
		86DBC1481DFC3C1000A966C3 /* AddFeedBack.storyboard in Resources */ = {isa = PBXBuildFile; fileRef = 86DBC1471DFC3C1000A966C3 /* AddFeedBack.storyboard */; };
		86DBC14B1DFC3EB300A966C3 /* WantWatchMovie.storyboard in Resources */ = {isa = PBXBuildFile; fileRef = 86DBC1491DFC3EB300A966C3 /* WantWatchMovie.storyboard */; };
		86DBC14D1DFC3F6200A966C3 /* WatchedMoviesAndTickets.storyboard in Resources */ = {isa = PBXBuildFile; fileRef = 86DBC14C1DFC3F6200A966C3 /* WatchedMoviesAndTickets.storyboard */; };
		86DBC1501DFC400500A966C3 /* EditMovie.storyboard in Resources */ = {isa = PBXBuildFile; fileRef = 86DBC14E1DFC400500A966C3 /* EditMovie.storyboard */; };
/* End PBXBuildFile section */

/* Begin PBXFileReference section */
		86DBC0EC1DFAE03500A966C3 /* MovieDiary.app */ = {isa = PBXFileReference; explicitFileType = wrapper.application; includeInIndex = 0; path = MovieDiary.app; sourceTree = BUILT_PRODUCTS_DIR; };
		86DBC0EF1DFAE03500A966C3 /* AppDelegate.swift */ = {isa = PBXFileReference; lastKnownFileType = sourcecode.swift; path = AppDelegate.swift; sourceTree = "<group>"; };
		86DBC0F41DFAE03500A966C3 /* Base */ = {isa = PBXFileReference; lastKnownFileType = file.storyboard; name = Base; path = Base.lproj/Main.storyboard; sourceTree = "<group>"; };
		86DBC0F61DFAE03500A966C3 /* Assets.xcassets */ = {isa = PBXFileReference; lastKnownFileType = folder.assetcatalog; path = Assets.xcassets; sourceTree = "<group>"; };
		86DBC0F91DFAE03500A966C3 /* Base */ = {isa = PBXFileReference; lastKnownFileType = file.storyboard; name = Base; path = Base.lproj/LaunchScreen.storyboard; sourceTree = "<group>"; };
		86DBC0FB1DFAE03500A966C3 /* Info.plist */ = {isa = PBXFileReference; lastKnownFileType = text.plist.xml; path = Info.plist; sourceTree = "<group>"; };
		86DBC1011DFAED7B00A966C3 /* MovieDiary.entitlements */ = {isa = PBXFileReference; lastKnownFileType = text.plist.entitlements; path = MovieDiary.entitlements; sourceTree = "<group>"; };
		86DBC1021DFAEF4100A966C3 /* GoogleService-Info.plist */ = {isa = PBXFileReference; fileEncoding = 4; lastKnownFileType = text.plist.xml; path = "GoogleService-Info.plist"; sourceTree = "<group>"; };
		86DBC1041DFAF45000A966C3 /* MovieDiary-Bridging-Header.h */ = {isa = PBXFileReference; lastKnownFileType = sourcecode.c.h; path = "MovieDiary-Bridging-Header.h"; sourceTree = "<group>"; };
		86DBC1081DFAF49B00A966C3 /* SWRevealViewController.m */ = {isa = PBXFileReference; fileEncoding = 4; lastKnownFileType = sourcecode.c.objc; path = SWRevealViewController.m; sourceTree = "<group>"; };
		86DBC1091DFAF49B00A966C3 /* SWRevealViewController.h */ = {isa = PBXFileReference; fileEncoding = 4; lastKnownFileType = sourcecode.c.h; path = SWRevealViewController.h; sourceTree = "<group>"; };
		86DBC10C1DFAF90300A966C3 /* AddNewMovieController.swift */ = {isa = PBXFileReference; fileEncoding = 4; lastKnownFileType = sourcecode.swift; path = AddNewMovieController.swift; sourceTree = "<group>"; };
		86DBC10E1DFAF90300A966C3 /* AddTicketController.swift */ = {isa = PBXFileReference; fileEncoding = 4; lastKnownFileType = sourcecode.swift; path = AddTicketController.swift; sourceTree = "<group>"; };
		86DBC1101DFAF90300A966C3 /* DataCounts.swift */ = {isa = PBXFileReference; fileEncoding = 4; lastKnownFileType = sourcecode.swift; path = DataCounts.swift; sourceTree = "<group>"; };
		86DBC1111DFAF90300A966C3 /* DataRequset.swift */ = {isa = PBXFileReference; fileEncoding = 4; lastKnownFileType = sourcecode.swift; path = DataRequset.swift; sourceTree = "<group>"; };
		86DBC1121DFAF90300A966C3 /* EditMoviesController.swift */ = {isa = PBXFileReference; fileEncoding = 4; lastKnownFileType = sourcecode.swift; path = EditMoviesController.swift; sourceTree = "<group>"; };
		86DBC1131DFAF90300A966C3 /* Extension.swift */ = {isa = PBXFileReference; fileEncoding = 4; lastKnownFileType = sourcecode.swift; path = Extension.swift; sourceTree = "<group>"; };
		86DBC1141DFAF90300A966C3 /* FeedBackController.swift */ = {isa = PBXFileReference; fileEncoding = 4; lastKnownFileType = sourcecode.swift; path = FeedBackController.swift; sourceTree = "<group>"; };
		86DBC1151DFAF90300A966C3 /* FirebaseWorks.swift */ = {isa = PBXFileReference; fileEncoding = 4; lastKnownFileType = sourcecode.swift; path = FirebaseWorks.swift; sourceTree = "<group>"; };
		86DBC1161DFAF90300A966C3 /* GoToAddMovieController.swift */ = {isa = PBXFileReference; fileEncoding = 4; lastKnownFileType = sourcecode.swift; path = GoToAddMovieController.swift; sourceTree = "<group>"; };
		86DBC1171DFAF90300A966C3 /* InitialViewController.swift */ = {isa = PBXFileReference; fileEncoding = 4; lastKnownFileType = sourcecode.swift; path = InitialViewController.swift; sourceTree = "<group>"; };
		86DBC1181DFAF90300A966C3 /* LoadImageWithCache.swift */ = {isa = PBXFileReference; fileEncoding = 4; lastKnownFileType = sourcecode.swift; path = LoadImageWithCache.swift; sourceTree = "<group>"; };
		86DBC1191DFAF90300A966C3 /* LogInController.swift */ = {isa = PBXFileReference; fileEncoding = 4; lastKnownFileType = sourcecode.swift; path = LogInController.swift; sourceTree = "<group>"; };
		86DBC11A1DFAF90300A966C3 /* Movie.swift */ = {isa = PBXFileReference; fileEncoding = 4; lastKnownFileType = sourcecode.swift; path = Movie.swift; sourceTree = "<group>"; };
		86DBC11B1DFAF90300A966C3 /* PassDataProtocol.swift */ = {isa = PBXFileReference; fileEncoding = 4; lastKnownFileType = sourcecode.swift; path = PassDataProtocol.swift; sourceTree = "<group>"; };
		86DBC11C1DFAF90300A966C3 /* RegisterController.swift */ = {isa = PBXFileReference; fileEncoding = 4; lastKnownFileType = sourcecode.swift; path = RegisterController.swift; sourceTree = "<group>"; };
		86DBC11D1DFAF90300A966C3 /* SearchedMovieTableViewCell.swift */ = {isa = PBXFileReference; fileEncoding = 4; lastKnownFileType = sourcecode.swift; path = SearchedMovieTableViewCell.swift; sourceTree = "<group>"; };
		86DBC11E1DFAF90300A966C3 /* TicketCollectionViewCell.swift */ = {isa = PBXFileReference; fileEncoding = 4; lastKnownFileType = sourcecode.swift; path = TicketCollectionViewCell.swift; sourceTree = "<group>"; };
		86DBC11F1DFAF90300A966C3 /* TicketsController.swift */ = {isa = PBXFileReference; fileEncoding = 4; lastKnownFileType = sourcecode.swift; path = TicketsController.swift; sourceTree = "<group>"; };
		86DBC1201DFAF90300A966C3 /* UserDataController.swift */ = {isa = PBXFileReference; fileEncoding = 4; lastKnownFileType = sourcecode.swift; path = UserDataController.swift; sourceTree = "<group>"; };
		86DBC1211DFAF90300A966C3 /* WantWatchedMoviesController.swift */ = {isa = PBXFileReference; fileEncoding = 4; lastKnownFileType = sourcecode.swift; path = WantWatchedMoviesController.swift; sourceTree = "<group>"; };
		86DBC1221DFAF90300A966C3 /* WantWatchedMovieTableViewCell.swift */ = {isa = PBXFileReference; fileEncoding = 4; lastKnownFileType = sourcecode.swift; path = WantWatchedMovieTableViewCell.swift; sourceTree = "<group>"; };
		86DBC1231DFAF90300A966C3 /* WatchedMovieController.swift */ = {isa = PBXFileReference; fileEncoding = 4; lastKnownFileType = sourcecode.swift; path = WatchedMovieController.swift; sourceTree = "<group>"; };
		86DBC1241DFAF90300A966C3 /* WatchedMovieTableViewCell.swift */ = {isa = PBXFileReference; fileEncoding = 4; lastKnownFileType = sourcecode.swift; path = WatchedMovieTableViewCell.swift; sourceTree = "<group>"; };
		86DBC1251DFAF90300A966C3 /* ZoomInZoomOutView.swift */ = {isa = PBXFileReference; fileEncoding = 4; lastKnownFileType = sourcecode.swift; path = ZoomInZoomOutView.swift; sourceTree = "<group>"; };
		86DBC1431DFB16F200A966C3 /* Base */ = {isa = PBXFileReference; lastKnownFileType = file.storyboard; name = Base; path = Base.lproj/RegisterLogIn.storyboard; sourceTree = "<group>"; };
		86DBC1451DFC3B0900A966C3 /* AddNewMovie.storyboard */ = {isa = PBXFileReference; fileEncoding = 4; lastKnownFileType = file.storyboard; path = AddNewMovie.storyboard; sourceTree = "<group>"; };
		86DBC1471DFC3C1000A966C3 /* AddFeedBack.storyboard */ = {isa = PBXFileReference; fileEncoding = 4; lastKnownFileType = file.storyboard; path = AddFeedBack.storyboard; sourceTree = "<group>"; };
		86DBC14A1DFC3EB300A966C3 /* Base */ = {isa = PBXFileReference; lastKnownFileType = file.storyboard; name = Base; path = Base.lproj/WantWatchMovie.storyboard; sourceTree = "<group>"; };
		86DBC14C1DFC3F6200A966C3 /* WatchedMoviesAndTickets.storyboard */ = {isa = PBXFileReference; fileEncoding = 4; lastKnownFileType = file.storyboard; path = WatchedMoviesAndTickets.storyboard; sourceTree = "<group>"; };
		86DBC14F1DFC400500A966C3 /* Base */ = {isa = PBXFileReference; lastKnownFileType = file.storyboard; name = Base; path = Base.lproj/EditMovie.storyboard; sourceTree = "<group>"; };
		A12E8AB99043CB92A953A9C6 /* Pods-MovieDiary.debug.xcconfig */ = {isa = PBXFileReference; includeInIndex = 1; lastKnownFileType = text.xcconfig; name = "Pods-MovieDiary.debug.xcconfig"; path = "Pods/Target Support Files/Pods-MovieDiary/Pods-MovieDiary.debug.xcconfig"; sourceTree = "<group>"; };
		E2DCFBF2F6DBFF31159D5928 /* Pods_MovieDiary.framework */ = {isa = PBXFileReference; explicitFileType = wrapper.framework; includeInIndex = 0; path = Pods_MovieDiary.framework; sourceTree = BUILT_PRODUCTS_DIR; };
		F09D172723B039B660FAD67C /* Pods-MovieDiary.release.xcconfig */ = {isa = PBXFileReference; includeInIndex = 1; lastKnownFileType = text.xcconfig; name = "Pods-MovieDiary.release.xcconfig"; path = "Pods/Target Support Files/Pods-MovieDiary/Pods-MovieDiary.release.xcconfig"; sourceTree = "<group>"; };
/* End PBXFileReference section */

/* Begin PBXFrameworksBuildPhase section */
		86DBC0E91DFAE03500A966C3 /* Frameworks */ = {
			isa = PBXFrameworksBuildPhase;
			buildActionMask = 2147483647;
			files = (
				789C24614C417A8F01A739EA /* Pods_MovieDiary.framework in Frameworks */,
			);
			runOnlyForDeploymentPostprocessing = 0;
		};
/* End PBXFrameworksBuildPhase section */

/* Begin PBXGroup section */
		86DBC0E31DFAE03500A966C3 = {
			isa = PBXGroup;
			children = (
				86DBC0EE1DFAE03500A966C3 /* MovieDiary */,
				86DBC0ED1DFAE03500A966C3 /* Products */,
				CE47336ED01610711DCF357F /* Pods */,
				D96F2E1901642EF9511A100C /* Frameworks */,
			);
			sourceTree = "<group>";
		};
		86DBC0ED1DFAE03500A966C3 /* Products */ = {
			isa = PBXGroup;
			children = (
				86DBC0EC1DFAE03500A966C3 /* MovieDiary.app */,
			);
			name = Products;
			sourceTree = "<group>";
		};
		86DBC0EE1DFAE03500A966C3 /* MovieDiary */ = {
			isa = PBXGroup;
			children = (
				86DBC1631DFC4AE700A966C3 /* Supporting Files */,
				86DBC1511DFC419100A966C3 /* StoryBoard */,
				86DBC1521DFC455E00A966C3 /* AddNewMovieTab */,
				86DBC1541DFC45E500A966C3 /* WatchedMoviesTab */,
				86DBC1581DFC484700A966C3 /* WantWatchedMovieTab */,
				86DBC1561DFC461300A966C3 /* RegisterAndLogInPage */,
				86DBC15A1DFC489900A966C3 /* SlideOutPage */,
				86DBC15C1DFC491A00A966C3 /* Model */,
				86DBC1601DFC4A2800A966C3 /* EditMoviePage */,
				86DBC1621DFC4AC200A966C3 /* Helper */,
				86DBC1251DFAF90300A966C3 /* ZoomInZoomOutView.swift */,
				86DBC0EF1DFAE03500A966C3 /* AppDelegate.swift */,
				86DBC1081DFAF49B00A966C3 /* SWRevealViewController.m */,
				86DBC1091DFAF49B00A966C3 /* SWRevealViewController.h */,
				86DBC1041DFAF45000A966C3 /* MovieDiary-Bridging-Header.h */,
			);
			path = MovieDiary;
			sourceTree = "<group>";
		};
		86DBC1511DFC419100A966C3 /* StoryBoard */ = {
			isa = PBXGroup;
			children = (
				86DBC0F81DFAE03500A966C3 /* LaunchScreen.storyboard */,
				86DBC0F31DFAE03500A966C3 /* Main.storyboard */,
				86DBC14E1DFC400500A966C3 /* EditMovie.storyboard */,
				86DBC14C1DFC3F6200A966C3 /* WatchedMoviesAndTickets.storyboard */,
				86DBC1491DFC3EB300A966C3 /* WantWatchMovie.storyboard */,
				86DBC1471DFC3C1000A966C3 /* AddFeedBack.storyboard */,
				86DBC1451DFC3B0900A966C3 /* AddNewMovie.storyboard */,
				86DBC1421DFB16F200A966C3 /* RegisterLogIn.storyboard */,
			);
			name = StoryBoard;
			sourceTree = "<group>";
		};
		86DBC1521DFC455E00A966C3 /* AddNewMovieTab */ = {
			isa = PBXGroup;
			children = (
				86DBC15D1DFC49E800A966C3 /* View */,
				86DBC1531DFC457A00A966C3 /* Controller */,
			);
			name = AddNewMovieTab;
			sourceTree = "<group>";
		};
		86DBC1531DFC457A00A966C3 /* Controller */ = {
			isa = PBXGroup;
			children = (
				86DBC1161DFAF90300A966C3 /* GoToAddMovieController.swift */,
				86DBC10C1DFAF90300A966C3 /* AddNewMovieController.swift */,
				86DBC10E1DFAF90300A966C3 /* AddTicketController.swift */,
			);
			name = Controller;
			sourceTree = "<group>";
		};
		86DBC1541DFC45E500A966C3 /* WatchedMoviesTab */ = {
			isa = PBXGroup;
			children = (
				86DBC15E1DFC49EE00A966C3 /* View */,
				86DBC1551DFC45F600A966C3 /* Controller */,
			);
			name = WatchedMoviesTab;
			sourceTree = "<group>";
		};
		86DBC1551DFC45F600A966C3 /* Controller */ = {
			isa = PBXGroup;
			children = (
				86DBC1231DFAF90300A966C3 /* WatchedMovieController.swift */,
				86DBC11F1DFAF90300A966C3 /* TicketsController.swift */,
			);
			name = Controller;
			sourceTree = "<group>";
		};
		86DBC1561DFC461300A966C3 /* RegisterAndLogInPage */ = {
			isa = PBXGroup;
			children = (
				86DBC1571DFC462900A966C3 /* Controller */,
			);
			name = RegisterAndLogInPage;
			sourceTree = "<group>";
		};
		86DBC1571DFC462900A966C3 /* Controller */ = {
			isa = PBXGroup;
			children = (
				86DBC1171DFAF90300A966C3 /* InitialViewController.swift */,
				86DBC1191DFAF90300A966C3 /* LogInController.swift */,
				86DBC11C1DFAF90300A966C3 /* RegisterController.swift */,
			);
			name = Controller;
			sourceTree = "<group>";
		};
		86DBC1581DFC484700A966C3 /* WantWatchedMovieTab */ = {
			isa = PBXGroup;
			children = (
				86DBC15F1DFC49FC00A966C3 /* View */,
				86DBC1591DFC485C00A966C3 /* Controller */,
			);
			name = WantWatchedMovieTab;
			sourceTree = "<group>";
		};
		86DBC1591DFC485C00A966C3 /* Controller */ = {
			isa = PBXGroup;
			children = (
				86DBC1211DFAF90300A966C3 /* WantWatchedMoviesController.swift */,
			);
			name = Controller;
			sourceTree = "<group>";
		};
		86DBC15A1DFC489900A966C3 /* SlideOutPage */ = {
			isa = PBXGroup;
			children = (
				86DBC15B1DFC48A900A966C3 /* Controller */,
			);
			name = SlideOutPage;
			sourceTree = "<group>";
		};
		86DBC15B1DFC48A900A966C3 /* Controller */ = {
			isa = PBXGroup;
			children = (
				86DBC1141DFAF90300A966C3 /* FeedBackController.swift */,
				86DBC1201DFAF90300A966C3 /* UserDataController.swift */,
			);
			name = Controller;
			sourceTree = "<group>";
		};
		86DBC15C1DFC491A00A966C3 /* Model */ = {
			isa = PBXGroup;
			children = (
				86DBC1111DFAF90300A966C3 /* DataRequset.swift */,
				86DBC1101DFAF90300A966C3 /* DataCounts.swift */,
				86DBC1151DFAF90300A966C3 /* FirebaseWorks.swift */,
				86DBC11A1DFAF90300A966C3 /* Movie.swift */,
			);
			name = Model;
			sourceTree = "<group>";
		};
		86DBC15D1DFC49E800A966C3 /* View */ = {
			isa = PBXGroup;
			children = (
				86DBC11D1DFAF90300A966C3 /* SearchedMovieTableViewCell.swift */,
			);
			name = View;
			sourceTree = "<group>";
		};
		86DBC15E1DFC49EE00A966C3 /* View */ = {
			isa = PBXGroup;
			children = (
				86DBC1241DFAF90300A966C3 /* WatchedMovieTableViewCell.swift */,
				86DBC11E1DFAF90300A966C3 /* TicketCollectionViewCell.swift */,
			);
			name = View;
			sourceTree = "<group>";
		};
		86DBC15F1DFC49FC00A966C3 /* View */ = {
			isa = PBXGroup;
			children = (
				86DBC1221DFAF90300A966C3 /* WantWatchedMovieTableViewCell.swift */,
			);
			name = View;
			sourceTree = "<group>";
		};
		86DBC1601DFC4A2800A966C3 /* EditMoviePage */ = {
			isa = PBXGroup;
			children = (
				86DBC1611DFC4A3C00A966C3 /* Controller */,
			);
			name = EditMoviePage;
			sourceTree = "<group>";
		};
		86DBC1611DFC4A3C00A966C3 /* Controller */ = {
			isa = PBXGroup;
			children = (
				86DBC1121DFAF90300A966C3 /* EditMoviesController.swift */,
			);
			name = Controller;
			sourceTree = "<group>";
		};
		86DBC1621DFC4AC200A966C3 /* Helper */ = {
			isa = PBXGroup;
			children = (
				86DBC1131DFAF90300A966C3 /* Extension.swift */,
				86DBC1181DFAF90300A966C3 /* LoadImageWithCache.swift */,
				86DBC11B1DFAF90300A966C3 /* PassDataProtocol.swift */,
			);
			name = Helper;
			sourceTree = "<group>";
		};
		86DBC1631DFC4AE700A966C3 /* Supporting Files */ = {
			isa = PBXGroup;
			children = (
				86DBC1011DFAED7B00A966C3 /* MovieDiary.entitlements */,
				86DBC0F61DFAE03500A966C3 /* Assets.xcassets */,
				86DBC0FB1DFAE03500A966C3 /* Info.plist */,
				86DBC1021DFAEF4100A966C3 /* GoogleService-Info.plist */,
			);
			name = "Supporting Files";
			sourceTree = "<group>";
		};
		CE47336ED01610711DCF357F /* Pods */ = {
			isa = PBXGroup;
			children = (
				A12E8AB99043CB92A953A9C6 /* Pods-MovieDiary.debug.xcconfig */,
				F09D172723B039B660FAD67C /* Pods-MovieDiary.release.xcconfig */,
			);
			name = Pods;
			sourceTree = "<group>";
		};
		D96F2E1901642EF9511A100C /* Frameworks */ = {
			isa = PBXGroup;
			children = (
				E2DCFBF2F6DBFF31159D5928 /* Pods_MovieDiary.framework */,
			);
			name = Frameworks;
			sourceTree = "<group>";
		};
/* End PBXGroup section */

/* Begin PBXNativeTarget section */
		86DBC0EB1DFAE03500A966C3 /* MovieDiary */ = {
			isa = PBXNativeTarget;
			buildConfigurationList = 86DBC0FE1DFAE03500A966C3 /* Build configuration list for PBXNativeTarget "MovieDiary" */;
			buildPhases = (
				6E4DE991527B007637C08E87 /* [CP] Check Pods Manifest.lock */,
				86DBC0E81DFAE03500A966C3 /* Sources */,
				86DBC0E91DFAE03500A966C3 /* Frameworks */,
				86DBC0EA1DFAE03500A966C3 /* Resources */,
				378FC8C71E9447F46BBCC1ED /* [CP] Embed Pods Frameworks */,
				7BBFAD1A69789000325929CB /* [CP] Copy Pods Resources */,
			);
			buildRules = (
			);
			dependencies = (
			);
			name = MovieDiary;
			productName = MovieDiary;
			productReference = 86DBC0EC1DFAE03500A966C3 /* MovieDiary.app */;
			productType = "com.apple.product-type.application";
		};
/* End PBXNativeTarget section */

/* Begin PBXProject section */
		86DBC0E41DFAE03500A966C3 /* Project object */ = {
			isa = PBXProject;
			attributes = {
				LastSwiftUpdateCheck = 0810;
				LastUpgradeCheck = 0810;
				ORGANIZATIONNAME = Jerrywang;
				TargetAttributes = {
					86DBC0EB1DFAE03500A966C3 = {
						CreatedOnToolsVersion = 8.1;
						DevelopmentTeam = K5W4R2VRH6;
						LastSwiftMigration = 0810;
						ProvisioningStyle = Automatic;
						SystemCapabilities = {
							com.apple.Keychain = {
								enabled = 1;
							};
							com.apple.Push = {
								enabled = 1;
							};
						};
					};
				};
			};
			buildConfigurationList = 86DBC0E71DFAE03500A966C3 /* Build configuration list for PBXProject "MovieDiary" */;
			compatibilityVersion = "Xcode 3.2";
			developmentRegion = English;
			hasScannedForEncodings = 0;
			knownRegions = (
				en,
				Base,
			);
			mainGroup = 86DBC0E31DFAE03500A966C3;
			productRefGroup = 86DBC0ED1DFAE03500A966C3 /* Products */;
			projectDirPath = "";
			projectRoot = "";
			targets = (
				86DBC0EB1DFAE03500A966C3 /* MovieDiary */,
			);
		};
/* End PBXProject section */

/* Begin PBXResourcesBuildPhase section */
		86DBC0EA1DFAE03500A966C3 /* Resources */ = {
			isa = PBXResourcesBuildPhase;
			buildActionMask = 2147483647;
			files = (
				86DBC0FA1DFAE03500A966C3 /* LaunchScreen.storyboard in Resources */,
				86DBC14B1DFC3EB300A966C3 /* WantWatchMovie.storyboard in Resources */,
				86DBC1481DFC3C1000A966C3 /* AddFeedBack.storyboard in Resources */,
				86DBC1441DFB16F200A966C3 /* RegisterLogIn.storyboard in Resources */,
				86DBC1031DFAEF4100A966C3 /* GoogleService-Info.plist in Resources */,
				86DBC0F71DFAE03500A966C3 /* Assets.xcassets in Resources */,
				86DBC14D1DFC3F6200A966C3 /* WatchedMoviesAndTickets.storyboard in Resources */,
				86DBC1461DFC3B0900A966C3 /* AddNewMovie.storyboard in Resources */,
				86DBC0F51DFAE03500A966C3 /* Main.storyboard in Resources */,
				86DBC1501DFC400500A966C3 /* EditMovie.storyboard in Resources */,
			);
			runOnlyForDeploymentPostprocessing = 0;
		};
/* End PBXResourcesBuildPhase section */

/* Begin PBXShellScriptBuildPhase section */
		378FC8C71E9447F46BBCC1ED /* [CP] Embed Pods Frameworks */ = {
			isa = PBXShellScriptBuildPhase;
			buildActionMask = 2147483647;
			files = (
			);
			inputPaths = (
			);
			name = "[CP] Embed Pods Frameworks";
			outputPaths = (
			);
			runOnlyForDeploymentPostprocessing = 0;
			shellPath = /bin/sh;
			shellScript = "\"${SRCROOT}/Pods/Target Support Files/Pods-MovieDiary/Pods-MovieDiary-frameworks.sh\"\n";
			showEnvVarsInLog = 0;
		};
		6E4DE991527B007637C08E87 /* [CP] Check Pods Manifest.lock */ = {
			isa = PBXShellScriptBuildPhase;
			buildActionMask = 2147483647;
			files = (
			);
			inputPaths = (
			);
			name = "[CP] Check Pods Manifest.lock";
			outputPaths = (
			);
			runOnlyForDeploymentPostprocessing = 0;
			shellPath = /bin/sh;
			shellScript = "diff \"${PODS_ROOT}/../Podfile.lock\" \"${PODS_ROOT}/Manifest.lock\" > /dev/null\nif [ $? != 0 ] ; then\n    # print error to STDERR\n    echo \"error: The sandbox is not in sync with the Podfile.lock. Run 'pod install' or update your CocoaPods installation.\" >&2\n    exit 1\nfi\n";
			showEnvVarsInLog = 0;
		};
		7BBFAD1A69789000325929CB /* [CP] Copy Pods Resources */ = {
			isa = PBXShellScriptBuildPhase;
			buildActionMask = 2147483647;
			files = (
			);
			inputPaths = (
			);
			name = "[CP] Copy Pods Resources";
			outputPaths = (
			);
			runOnlyForDeploymentPostprocessing = 0;
			shellPath = /bin/sh;
			shellScript = "\"${SRCROOT}/Pods/Target Support Files/Pods-MovieDiary/Pods-MovieDiary-resources.sh\"\n";
			showEnvVarsInLog = 0;
		};
/* End PBXShellScriptBuildPhase section */

/* Begin PBXSourcesBuildPhase section */
		86DBC0E81DFAE03500A966C3 /* Sources */ = {
			isa = PBXSourcesBuildPhase;
			buildActionMask = 2147483647;
			files = (
				86DBC1351DFAF90300A966C3 /* Movie.swift in Sources */,
				86DBC1391DFAF90300A966C3 /* TicketCollectionViewCell.swift in Sources */,
				86DBC1331DFAF90300A966C3 /* LoadImageWithCache.swift in Sources */,
				86DBC12C1DFAF90300A966C3 /* DataRequset.swift in Sources */,
				86DBC1271DFAF90300A966C3 /* AddNewMovieController.swift in Sources */,
				86DBC1401DFAF90300A966C3 /* ZoomInZoomOutView.swift in Sources */,
				86DBC1301DFAF90300A966C3 /* FirebaseWorks.swift in Sources */,
				86DBC12E1DFAF90300A966C3 /* Extension.swift in Sources */,
				86DBC12B1DFAF90300A966C3 /* DataCounts.swift in Sources */,
				86DBC1361DFAF90300A966C3 /* PassDataProtocol.swift in Sources */,
				86DBC12D1DFAF90300A966C3 /* EditMoviesController.swift in Sources */,
				86DBC1381DFAF90300A966C3 /* SearchedMovieTableViewCell.swift in Sources */,
				86DBC13B1DFAF90300A966C3 /* UserDataController.swift in Sources */,
				86DBC1291DFAF90300A966C3 /* AddTicketController.swift in Sources */,
				86DBC13F1DFAF90300A966C3 /* WatchedMovieTableViewCell.swift in Sources */,
				86DBC0F01DFAE03500A966C3 /* AppDelegate.swift in Sources */,
				86DBC1341DFAF90300A966C3 /* LogInController.swift in Sources */,
				86DBC10A1DFAF49B00A966C3 /* SWRevealViewController.m in Sources */,
				86DBC1371DFAF90300A966C3 /* RegisterController.swift in Sources */,
				86DBC1311DFAF90300A966C3 /* GoToAddMovieController.swift in Sources */,
				86DBC13D1DFAF90300A966C3 /* WantWatchedMovieTableViewCell.swift in Sources */,
				86DBC13A1DFAF90300A966C3 /* TicketsController.swift in Sources */,
				86DBC12F1DFAF90300A966C3 /* FeedBackController.swift in Sources */,
				86DBC1321DFAF90300A966C3 /* InitialViewController.swift in Sources */,
				86DBC13C1DFAF90300A966C3 /* WantWatchedMoviesController.swift in Sources */,
				86DBC13E1DFAF90300A966C3 /* WatchedMovieController.swift in Sources */,
			);
			runOnlyForDeploymentPostprocessing = 0;
		};
/* End PBXSourcesBuildPhase section */

/* Begin PBXVariantGroup section */
		86DBC0F31DFAE03500A966C3 /* Main.storyboard */ = {
			isa = PBXVariantGroup;
			children = (
				86DBC0F41DFAE03500A966C3 /* Base */,
			);
			name = Main.storyboard;
			sourceTree = "<group>";
		};
		86DBC0F81DFAE03500A966C3 /* LaunchScreen.storyboard */ = {
			isa = PBXVariantGroup;
			children = (
				86DBC0F91DFAE03500A966C3 /* Base */,
			);
			name = LaunchScreen.storyboard;
			sourceTree = "<group>";
		};
		86DBC1421DFB16F200A966C3 /* RegisterLogIn.storyboard */ = {
			isa = PBXVariantGroup;
			children = (
				86DBC1431DFB16F200A966C3 /* Base */,
			);
			name = RegisterLogIn.storyboard;
			sourceTree = "<group>";
		};
		86DBC1491DFC3EB300A966C3 /* WantWatchMovie.storyboard */ = {
			isa = PBXVariantGroup;
			children = (
				86DBC14A1DFC3EB300A966C3 /* Base */,
			);
			name = WantWatchMovie.storyboard;
			sourceTree = "<group>";
		};
		86DBC14E1DFC400500A966C3 /* EditMovie.storyboard */ = {
			isa = PBXVariantGroup;
			children = (
				86DBC14F1DFC400500A966C3 /* Base */,
			);
			name = EditMovie.storyboard;
			sourceTree = "<group>";
		};
/* End PBXVariantGroup section */

/* Begin XCBuildConfiguration section */
		86DBC0FC1DFAE03500A966C3 /* Debug */ = {
			isa = XCBuildConfiguration;
			buildSettings = {
				ALWAYS_SEARCH_USER_PATHS = NO;
				CLANG_ANALYZER_NONNULL = YES;
				CLANG_CXX_LANGUAGE_STANDARD = "gnu++0x";
				CLANG_CXX_LIBRARY = "libc++";
				CLANG_ENABLE_MODULES = YES;
				CLANG_ENABLE_OBJC_ARC = YES;
				CLANG_WARN_BOOL_CONVERSION = YES;
				CLANG_WARN_CONSTANT_CONVERSION = YES;
				CLANG_WARN_DIRECT_OBJC_ISA_USAGE = YES_ERROR;
				CLANG_WARN_DOCUMENTATION_COMMENTS = YES;
				CLANG_WARN_EMPTY_BODY = YES;
				CLANG_WARN_ENUM_CONVERSION = YES;
				CLANG_WARN_INFINITE_RECURSION = YES;
				CLANG_WARN_INT_CONVERSION = YES;
				CLANG_WARN_OBJC_ROOT_CLASS = YES_ERROR;
				CLANG_WARN_SUSPICIOUS_MOVE = YES;
				CLANG_WARN_SUSPICIOUS_MOVES = YES;
				CLANG_WARN_UNREACHABLE_CODE = YES;
				CLANG_WARN__DUPLICATE_METHOD_MATCH = YES;
				"CODE_SIGN_IDENTITY[sdk=iphoneos*]" = "iPhone Developer";
				COPY_PHASE_STRIP = NO;
				DEBUG_INFORMATION_FORMAT = dwarf;
				ENABLE_STRICT_OBJC_MSGSEND = YES;
				ENABLE_TESTABILITY = YES;
				GCC_C_LANGUAGE_STANDARD = gnu99;
				GCC_DYNAMIC_NO_PIC = NO;
				GCC_NO_COMMON_BLOCKS = YES;
				GCC_OPTIMIZATION_LEVEL = 0;
				GCC_PREPROCESSOR_DEFINITIONS = (
					"DEBUG=1",
					"$(inherited)",
				);
				GCC_WARN_64_TO_32_BIT_CONVERSION = YES;
				GCC_WARN_ABOUT_RETURN_TYPE = YES_ERROR;
				GCC_WARN_UNDECLARED_SELECTOR = YES;
				GCC_WARN_UNINITIALIZED_AUTOS = YES_AGGRESSIVE;
				GCC_WARN_UNUSED_FUNCTION = YES;
				GCC_WARN_UNUSED_VARIABLE = YES;
				IPHONEOS_DEPLOYMENT_TARGET = 9.0;
				MTL_ENABLE_DEBUG_INFO = YES;
				ONLY_ACTIVE_ARCH = YES;
				SDKROOT = iphoneos;
				SWIFT_ACTIVE_COMPILATION_CONDITIONS = DEBUG;
				SWIFT_OPTIMIZATION_LEVEL = "-Onone";
				TARGETED_DEVICE_FAMILY = "1,2";
			};
			name = Debug;
		};
		86DBC0FD1DFAE03500A966C3 /* Release */ = {
			isa = XCBuildConfiguration;
			buildSettings = {
				ALWAYS_SEARCH_USER_PATHS = NO;
				CLANG_ANALYZER_NONNULL = YES;
				CLANG_CXX_LANGUAGE_STANDARD = "gnu++0x";
				CLANG_CXX_LIBRARY = "libc++";
				CLANG_ENABLE_MODULES = YES;
				CLANG_ENABLE_OBJC_ARC = YES;
				CLANG_WARN_BOOL_CONVERSION = YES;
				CLANG_WARN_CONSTANT_CONVERSION = YES;
				CLANG_WARN_DIRECT_OBJC_ISA_USAGE = YES_ERROR;
				CLANG_WARN_DOCUMENTATION_COMMENTS = YES;
				CLANG_WARN_EMPTY_BODY = YES;
				CLANG_WARN_ENUM_CONVERSION = YES;
				CLANG_WARN_INFINITE_RECURSION = YES;
				CLANG_WARN_INT_CONVERSION = YES;
				CLANG_WARN_OBJC_ROOT_CLASS = YES_ERROR;
				CLANG_WARN_SUSPICIOUS_MOVE = YES;
				CLANG_WARN_SUSPICIOUS_MOVES = YES;
				CLANG_WARN_UNREACHABLE_CODE = YES;
				CLANG_WARN__DUPLICATE_METHOD_MATCH = YES;
				"CODE_SIGN_IDENTITY[sdk=iphoneos*]" = "iPhone Developer";
				COPY_PHASE_STRIP = NO;
				DEBUG_INFORMATION_FORMAT = "dwarf-with-dsym";
				ENABLE_NS_ASSERTIONS = NO;
				ENABLE_STRICT_OBJC_MSGSEND = YES;
				GCC_C_LANGUAGE_STANDARD = gnu99;
				GCC_NO_COMMON_BLOCKS = YES;
				GCC_WARN_64_TO_32_BIT_CONVERSION = YES;
				GCC_WARN_ABOUT_RETURN_TYPE = YES_ERROR;
				GCC_WARN_UNDECLARED_SELECTOR = YES;
				GCC_WARN_UNINITIALIZED_AUTOS = YES_AGGRESSIVE;
				GCC_WARN_UNUSED_FUNCTION = YES;
				GCC_WARN_UNUSED_VARIABLE = YES;
				IPHONEOS_DEPLOYMENT_TARGET = 9.0;
				MTL_ENABLE_DEBUG_INFO = NO;
				SDKROOT = iphoneos;
				SWIFT_OPTIMIZATION_LEVEL = "-Owholemodule";
				TARGETED_DEVICE_FAMILY = "1,2";
				VALIDATE_PRODUCT = YES;
			};
			name = Release;
		};
		86DBC0FF1DFAE03500A966C3 /* Debug */ = {
			isa = XCBuildConfiguration;
			baseConfigurationReference = A12E8AB99043CB92A953A9C6 /* Pods-MovieDiary.debug.xcconfig */;
			buildSettings = {
				ALWAYS_EMBED_SWIFT_STANDARD_LIBRARIES = YES;
				ASSETCATALOG_COMPILER_APPICON_NAME = AppIcon;
				CLANG_ENABLE_MODULES = YES;
				CODE_SIGN_ENTITLEMENTS = MovieDiary/MovieDiary.entitlements;
				"CODE_SIGN_IDENTITY[sdk=iphoneos*]" = "iPhone Developer";
				DEVELOPMENT_TEAM = K5W4R2VRH6;
				INFOPLIST_FILE = MovieDiary/Info.plist;
				IPHONEOS_DEPLOYMENT_TARGET = 9.0;
				LD_RUNPATH_SEARCH_PATHS = "$(inherited) @executable_path/Frameworks";
				PRODUCT_BUNDLE_IDENTIFIER = com.JerryWang.MovieDiary;
				PRODUCT_NAME = "$(TARGET_NAME)";
				SWIFT_OBJC_BRIDGING_HEADER = "MovieDiary/MovieDiary-Bridging-Header.h";
				SWIFT_OPTIMIZATION_LEVEL = "-Onone";
				SWIFT_VERSION = 3.0;
				TARGETED_DEVICE_FAMILY = 1;
			};
			name = Debug;
		};
		86DBC1001DFAE03500A966C3 /* Release */ = {
			isa = XCBuildConfiguration;
			baseConfigurationReference = F09D172723B039B660FAD67C /* Pods-MovieDiary.release.xcconfig */;
			buildSettings = {
				ALWAYS_EMBED_SWIFT_STANDARD_LIBRARIES = YES;
				ASSETCATALOG_COMPILER_APPICON_NAME = AppIcon;
				CLANG_ENABLE_MODULES = YES;
				CODE_SIGN_ENTITLEMENTS = MovieDiary/MovieDiary.entitlements;
				"CODE_SIGN_IDENTITY[sdk=iphoneos*]" = "iPhone Developer";
				DEVELOPMENT_TEAM = K5W4R2VRH6;
				INFOPLIST_FILE = MovieDiary/Info.plist;
				IPHONEOS_DEPLOYMENT_TARGET = 9.0;
				LD_RUNPATH_SEARCH_PATHS = "$(inherited) @executable_path/Frameworks";
				PRODUCT_BUNDLE_IDENTIFIER = com.JerryWang.MovieDiary;
				PRODUCT_NAME = "$(TARGET_NAME)";
				SWIFT_OBJC_BRIDGING_HEADER = "MovieDiary/MovieDiary-Bridging-Header.h";
				SWIFT_VERSION = 3.0;
				TARGETED_DEVICE_FAMILY = 1;
			};
			name = Release;
		};
/* End XCBuildConfiguration section */

/* Begin XCConfigurationList section */
		86DBC0E71DFAE03500A966C3 /* Build configuration list for PBXProject "MovieDiary" */ = {
			isa = XCConfigurationList;
			buildConfigurations = (
				86DBC0FC1DFAE03500A966C3 /* Debug */,
				86DBC0FD1DFAE03500A966C3 /* Release */,
			);
			defaultConfigurationIsVisible = 0;
			defaultConfigurationName = Release;
		};
		86DBC0FE1DFAE03500A966C3 /* Build configuration list for PBXNativeTarget "MovieDiary" */ = {
			isa = XCConfigurationList;
			buildConfigurations = (
				86DBC0FF1DFAE03500A966C3 /* Debug */,
				86DBC1001DFAE03500A966C3 /* Release */,
			);
			defaultConfigurationIsVisible = 0;
			defaultConfigurationName = Release;
		};
/* End XCConfigurationList section */
	};
	rootObject = 86DBC0E41DFAE03500A966C3 /* Project object */;
}
